// !$*UTF8*$!
{
	archiveVersion = 1;
	classes = {
	};
	objectVersion = 77;
	objects = {

/* Begin PBXBuildFile section */
		1E9CAFF83775647C3E0D6B3A /* SpatialApple in Frameworks */ = {isa = PBXBuildFile; productRef = DFDE9A954DFF8D77C2CCA430 /* SpatialApple */; };
		6819B2CEE8175C489289DF26 /* ReplayCLI.swift in Sources */ = {isa = PBXBuildFile; fileRef = C6A2B8593E5D3ACEBAA06589 /* ReplayCLI.swift */; };
		D37A8AB55B56D9B62E7700EC /* ReplayCases.swift in Sources */ = {isa = PBXBuildFile; fileRef = AA7B4AD8ECA02FA3D57F908C /* ReplayCases.swift */; };
		DC9E41E4A82915D9A7982733 /* Evidence.swift in Sources */ = {isa = PBXBuildFile; fileRef = A598A6F829FD6EB056841C3D /* Evidence.swift */; };
/* End PBXBuildFile section */

/* Begin PBXFileReference section */
		7AB6F2BD7C9C4BBB46EB3DF0 /* AstraPointingReplay */ = {isa = PBXFileReference; includeInIndex = 0; path = AstraPointingReplay; sourceTree = BUILT_PRODUCTS_DIR; };
		A598A6F829FD6EB056841C3D /* Evidence.swift */ = {isa = PBXFileReference; lastKnownFileType = sourcecode.swift; path = Evidence.swift; sourceTree = "<group>"; };
		AA7B4AD8ECA02FA3D57F908C /* ReplayCases.swift */ = {isa = PBXFileReference; lastKnownFileType = sourcecode.swift; path = ReplayCases.swift; sourceTree = "<group>"; };
		C6A2B8593E5D3ACEBAA06589 /* ReplayCLI.swift */ = {isa = PBXFileReference; lastKnownFileType = sourcecode.swift; path = ReplayCLI.swift; sourceTree = "<group>"; };
		EEB77E8B32A059CCE5A45FA5 /* SpatialKit */ = {isa = PBXFileReference; lastKnownFileType = folder; name = SpatialKit; path = ../../packages/SpatialKit; sourceTree = SOURCE_ROOT; };
/* End PBXFileReference section */

/* Begin PBXFrameworksBuildPhase section */
		38C3653C55CA5308887A11AE /* Frameworks */ = {
			isa = PBXFrameworksBuildPhase;
			buildActionMask = 2147483647;
			files = (
				1E9CAFF83775647C3E0D6B3A /* SpatialApple in Frameworks */,
			);
			runOnlyForDeploymentPostprocessing = 0;
		};
/* End PBXFrameworksBuildPhase section */

/* Begin PBXGroup section */
		1E96EAF4F3AD1B68806D1A9B = {
			isa = PBXGroup;
			children = (
				8E0AF5E02C42D2142223E873 /* Packages */,
				B25C4D88B6F00AF0EA2DF5D2 /* Sources */,
				BC9F356306CF997C010DC51E /* Products */,
			);
			sourceTree = "<group>";
		};
		8E0AF5E02C42D2142223E873 /* Packages */ = {
			isa = PBXGroup;
			children = (
				EEB77E8B32A059CCE5A45FA5 /* SpatialKit */,
			);
			name = Packages;
			sourceTree = "<group>";
		};
		B25C4D88B6F00AF0EA2DF5D2 /* Sources */ = {
			isa = PBXGroup;
			children = (
				A598A6F829FD6EB056841C3D /* Evidence.swift */,
				AA7B4AD8ECA02FA3D57F908C /* ReplayCases.swift */,
				C6A2B8593E5D3ACEBAA06589 /* ReplayCLI.swift */,
			);
			path = Sources;
			sourceTree = "<group>";
		};
		BC9F356306CF997C010DC51E /* Products */ = {
			isa = PBXGroup;
			children = (
				7AB6F2BD7C9C4BBB46EB3DF0 /* AstraPointingReplay */,
			);
			name = Products;
			sourceTree = "<group>";
		};
/* End PBXGroup section */

/* Begin PBXNativeTarget section */
		288FD88B73250CAC3ADDC76E /* AstraPointingReplay */ = {
			isa = PBXNativeTarget;
			buildConfigurationList = FDFA924287EE850E2D6E3E41 /* Build configuration list for PBXNativeTarget "AstraPointingReplay" */;
			buildPhases = (
				F9CFD15FC020BBFFA4AC786B /* Sources */,
				38C3653C55CA5308887A11AE /* Frameworks */,
			);
			buildRules = (
			);
			dependencies = (
			);
			name = AstraPointingReplay;
			packageProductDependencies = (
				DFDE9A954DFF8D77C2CCA430 /* SpatialApple */,
			);
			productName = AstraPointingReplay;
			productReference = 7AB6F2BD7C9C4BBB46EB3DF0 /* AstraPointingReplay */;
			productType = "com.apple.product-type.tool";
		};
/* End PBXNativeTarget section */

/* Begin PBXProject section */
		BDD28F445B9C7767ADB8A417 /* Project object */ = {
			isa = PBXProject;
			attributes = {
				BuildIndependentTargetsInParallel = YES;
				LastUpgradeCheck = 2600;
				TargetAttributes = {
				};
			};
			buildConfigurationList = 20323FA4CDD8CA7B9A33835A /* Build configuration list for PBXProject "AstraPointingReplay" */;
			developmentRegion = en;
			hasScannedForEncodings = 0;
			knownRegions = (
				Base,
				en,
			);
			mainGroup = 1E96EAF4F3AD1B68806D1A9B;
			minimizedProjectReferenceProxies = 1;
			packageReferences = (
				657E3FE0304D31C3400F71A0 /* XCLocalSwiftPackageReference "../../packages/SpatialKit" */,
			);
			preferredProjectObjectVersion = 77;
			productRefGroup = BC9F356306CF997C010DC51E /* Products */;
			projectDirPath = "";
			projectRoot = "";
			targets = (
				288FD88B73250CAC3ADDC76E /* AstraPointingReplay */,
			);
		};
/* End PBXProject section */

/* Begin PBXSourcesBuildPhase section */
		F9CFD15FC020BBFFA4AC786B /* Sources */ = {
			isa = PBXSourcesBuildPhase;
			buildActionMask = 2147483647;
			files = (
				DC9E41E4A82915D9A7982733 /* Evidence.swift in Sources */,
				6819B2CEE8175C489289DF26 /* ReplayCLI.swift in Sources */,
				D37A8AB55B56D9B62E7700EC /* ReplayCases.swift in Sources */,
			);
			runOnlyForDeploymentPostprocessing = 0;
		};
/* End PBXSourcesBuildPhase section */

/* Begin XCBuildConfiguration section */
		3D8BC4E21F3F502AECDAE170 /* Release */ = {
			isa = XCBuildConfiguration;
			buildSettings = {
				ALWAYS_SEARCH_USER_PATHS = NO;
				CLANG_ANALYZER_NONNULL = YES;
				CLANG_ANALYZER_NUMBER_OBJECT_CONVERSION = YES_AGGRESSIVE;
				CLANG_CXX_LANGUAGE_STANDARD = "gnu++14";
				CLANG_CXX_LIBRARY = "libc++";
				CLANG_ENABLE_MODULES = YES;
				CLANG_ENABLE_OBJC_ARC = YES;
				CLANG_ENABLE_OBJC_WEAK = YES;
				CLANG_WARN_BLOCK_CAPTURE_AUTORELEASING = YES;
				CLANG_WARN_BOOL_CONVERSION = YES;
				CLANG_WARN_COMMA = YES;
				CLANG_WARN_CONSTANT_CONVERSION = YES;
				CLANG_WARN_DEPRECATED_OBJC_IMPLEMENTATIONS = YES;
				CLANG_WARN_DIRECT_OBJC_ISA_USAGE = YES_ERROR;
				CLANG_WARN_DOCUMENTATION_COMMENTS = YES;
				CLANG_WARN_EMPTY_BODY = YES;
				CLANG_WARN_ENUM_CONVERSION = YES;
				CLANG_WARN_INFINITE_RECURSION = YES;
				CLANG_WARN_INT_CONVERSION = YES;
				CLANG_WARN_NON_LITERAL_NULL_CONVERSION = YES;
				CLANG_WARN_OBJC_IMPLICIT_RETAIN_SELF = YES;
				CLANG_WARN_OBJC_LITERAL_CONVERSION = YES;
				CLANG_WARN_OBJC_ROOT_CLASS = YES_ERROR;
				CLANG_WARN_QUOTED_INCLUDE_IN_FRAMEWORK_HEADER = YES;
				CLANG_WARN_RANGE_LOOP_ANALYSIS = YES;
				CLANG_WARN_STRICT_PROTOTYPES = YES;
				CLANG_WARN_SUSPICIOUS_MOVE = YES;
				CLANG_WARN_UNGUARDED_AVAILABILITY = YES_AGGRESSIVE;
				CLANG_WARN_UNREACHABLE_CODE = YES;
				CLANG_WARN__DUPLICATE_METHOD_MATCH = YES;
				COPY_PHASE_STRIP = NO;
				DEBUG_INFORMATION_FORMAT = "dwarf-with-dsym";
				ENABLE_NS_ASSERTIONS = NO;
				ENABLE_STRICT_OBJC_MSGSEND = YES;
				GCC_C_LANGUAGE_STANDARD = gnu11;
				GCC_NO_COMMON_BLOCKS = YES;
				GCC_WARN_64_TO_32_BIT_CONVERSION = YES;
				GCC_WARN_ABOUT_RETURN_TYPE = YES_ERROR;
				GCC_WARN_UNDECLARED_SELECTOR = YES;
				GCC_WARN_UNINITIALIZED_AUTOS = YES_AGGRESSIVE;
				GCC_WARN_UNUSED_FUNCTION = YES;
				GCC_WARN_UNUSED_VARIABLE = YES;
				MACOSX_DEPLOYMENT_TARGET = 26.0;
				MTL_ENABLE_DEBUG_INFO = NO;
				MTL_FAST_MATH = YES;
				PRODUCT_NAME = "$(TARGET_NAME)";
				SDKROOT = macosx;
				SWIFT_APPROACHABLE_CONCURRENCY = YES;
				SWIFT_COMPILATION_MODE = wholemodule;
				SWIFT_DEFAULT_ACTOR_ISOLATION = MainActor;
				SWIFT_OPTIMIZATION_LEVEL = "-O";
				SWIFT_VERSION = 6.0;
			};
			name = Release;
		};
		7BC9B843745C4B916FA45334 /* Release */ = {
			isa = XCBuildConfiguration;
			buildSettings = {
				CODE_SIGNING_ALLOWED = NO;
				CODE_SIGNING_REQUIRED = NO;
				COMBINE_HIDPI_IMAGES = YES;
				LD_RUNPATH_SEARCH_PATHS = (
					"$(inherited)",
					"@executable_path/../Frameworks",
				);
				PRODUCT_BUNDLE_IDENTIFIER = "com.astra.pointing-replay";
				PRODUCT_NAME = "astra-pointing-replay";
				SDKROOT = macosx;
			};
			name = Release;
		};
		AACEF7370E6E8C04ED48B187 /* Debug */ = {
			isa = XCBuildConfiguration;
			buildSettings = {
				CODE_SIGNING_ALLOWED = NO;
				CODE_SIGNING_REQUIRED = NO;
				COMBINE_HIDPI_IMAGES = YES;
				LD_RUNPATH_SEARCH_PATHS = (
					"$(inherited)",
					"@executable_path/../Frameworks",
				);
				PRODUCT_BUNDLE_IDENTIFIER = "com.astra.pointing-replay";
				PRODUCT_NAME = "astra-pointing-replay";
				SDKROOT = macosx;
			};
			name = Debug;
		};
		D405B2E0F0EF690FBCE3B2AC /* Debug */ = {
			isa = XCBuildConfiguration;
			buildSettings = {
				ALWAYS_SEARCH_USER_PATHS = NO;
				CLANG_ANALYZER_NONNULL = YES;
				CLANG_ANALYZER_NUMBER_OBJECT_CONVERSION = YES_AGGRESSIVE;
				CLANG_CXX_LANGUAGE_STANDARD = "gnu++14";
				CLANG_CXX_LIBRARY = "libc++";
				CLANG_ENABLE_MODULES = YES;
				CLANG_ENABLE_OBJC_ARC = YES;
				CLANG_ENABLE_OBJC_WEAK = YES;
				CLANG_WARN_BLOCK_CAPTURE_AUTORELEASING = YES;
				CLANG_WARN_BOOL_CONVERSION = YES;
				CLANG_WARN_COMMA = YES;
				CLANG_WARN_CONSTANT_CONVERSION = YES;
				CLANG_WARN_DEPRECATED_OBJC_IMPLEMENTATIONS = YES;
				CLANG_WARN_DIRECT_OBJC_ISA_USAGE = YES_ERROR;
				CLANG_WARN_DOCUMENTATION_COMMENTS = YES;
				CLANG_WARN_EMPTY_BODY = YES;
				CLANG_WARN_ENUM_CONVERSION = YES;
				CLANG_WARN_INFINITE_RECURSION = YES;
				CLANG_WARN_INT_CONVERSION = YES;
				CLANG_WARN_NON_LITERAL_NULL_CONVERSION = YES;
				CLANG_WARN_OBJC_IMPLICIT_RETAIN_SELF = YES;
				CLANG_WARN_OBJC_LITERAL_CONVERSION = YES;
				CLANG_WARN_OBJC_ROOT_CLASS = YES_ERROR;
				CLANG_WARN_QUOTED_INCLUDE_IN_FRAMEWORK_HEADER = YES;
				CLANG_WARN_RANGE_LOOP_ANALYSIS = YES;
				CLANG_WARN_STRICT_PROTOTYPES = YES;
				CLANG_WARN_SUSPICIOUS_MOVE = YES;
				CLANG_WARN_UNGUARDED_AVAILABILITY = YES_AGGRESSIVE;
				CLANG_WARN_UNREACHABLE_CODE = YES;
				CLANG_WARN__DUPLICATE_METHOD_MATCH = YES;
				COPY_PHASE_STRIP = NO;
				DEBUG_INFORMATION_FORMAT = dwarf;
				ENABLE_STRICT_OBJC_MSGSEND = YES;
				ENABLE_TESTABILITY = YES;
				GCC_C_LANGUAGE_STANDARD = gnu11;
				GCC_DYNAMIC_NO_PIC = NO;
				GCC_NO_COMMON_BLOCKS = YES;
				GCC_OPTIMIZATION_LEVEL = 0;
				GCC_PREPROCESSOR_DEFINITIONS = (
					"$(inherited)",
					"DEBUG=1",
				);
				GCC_WARN_64_TO_32_BIT_CONVERSION = YES;
				GCC_WARN_ABOUT_RETURN_TYPE = YES_ERROR;
				GCC_WARN_UNDECLARED_SELECTOR = YES;
				GCC_WARN_UNINITIALIZED_AUTOS = YES_AGGRESSIVE;
				GCC_WARN_UNUSED_FUNCTION = YES;
				GCC_WARN_UNUSED_VARIABLE = YES;
				MACOSX_DEPLOYMENT_TARGET = 26.0;
				MTL_ENABLE_DEBUG_INFO = INCLUDE_SOURCE;
				MTL_FAST_MATH = YES;
				ONLY_ACTIVE_ARCH = YES;
				PRODUCT_NAME = "$(TARGET_NAME)";
				SDKROOT = macosx;
				SWIFT_ACTIVE_COMPILATION_CONDITIONS = DEBUG;
				SWIFT_APPROACHABLE_CONCURRENCY = YES;
				SWIFT_DEFAULT_ACTOR_ISOLATION = MainActor;
				SWIFT_OPTIMIZATION_LEVEL = "-Onone";
				SWIFT_VERSION = 6.0;
			};
			name = Debug;
		};
/* End XCBuildConfiguration section */

/* Begin XCConfigurationList section */
		20323FA4CDD8CA7B9A33835A /* Build configuration list for PBXProject "AstraPointingReplay" */ = {
			isa = XCConfigurationList;
			buildConfigurations = (
				D405B2E0F0EF690FBCE3B2AC /* Debug */,
				3D8BC4E21F3F502AECDAE170 /* Release */,
			);
			defaultConfigurationIsVisible = 0;
			defaultConfigurationName = Debug;
		};
		FDFA924287EE850E2D6E3E41 /* Build configuration list for PBXNativeTarget "AstraPointingReplay" */ = {
			isa = XCConfigurationList;
			buildConfigurations = (
				AACEF7370E6E8C04ED48B187 /* Debug */,
				7BC9B843745C4B916FA45334 /* Release */,
			);
			defaultConfigurationIsVisible = 0;
			defaultConfigurationName = Debug;
		};
/* End XCConfigurationList section */

/* Begin XCLocalSwiftPackageReference section */
		657E3FE0304D31C3400F71A0 /* XCLocalSwiftPackageReference "../../packages/SpatialKit" */ = {
			isa = XCLocalSwiftPackageReference;
			relativePath = ../../packages/SpatialKit;
		};
/* End XCLocalSwiftPackageReference section */

/* Begin XCSwiftPackageProductDependency section */
		DFDE9A954DFF8D77C2CCA430 /* SpatialApple */ = {
			isa = XCSwiftPackageProductDependency;
			productName = SpatialApple;
		};
/* End XCSwiftPackageProductDependency section */
	};
	rootObject = BDD28F445B9C7767ADB8A417 /* Project object */;
}
